// !$*UTF8*$!
{
	archiveVersion = 1;
	classes = {
	};
	objectVersion = 46;
	objects = {

/* Begin PBXBuildFile section */
		1F7F198A1DD4108F00E3A3FD /* main.m in Sources */ = {isa = PBXBuildFile; fileRef = 1F7F19891DD4108F00E3A3FD /* main.m */; };
		1F7F198D1DD4108F00E3A3FD /* AppDelegate.m in Sources */ = {isa = PBXBuildFile; fileRef = 1F7F198C1DD4108F00E3A3FD /* AppDelegate.m */; };
		1F7F19901DD4108F00E3A3FD /* ViewController.m in Sources */ = {isa = PBXBuildFile; fileRef = 1F7F198F1DD4108F00E3A3FD /* ViewController.m */; };
		1F7F19931DD4108F00E3A3FD /* Main.storyboard in Resources */ = {isa = PBXBuildFile; fileRef = 1F7F19911DD4108F00E3A3FD /* Main.storyboard */; };
		1F7F19951DD4108F00E3A3FD /* Assets.xcassets in Resources */ = {isa = PBXBuildFile; fileRef = 1F7F19941DD4108F00E3A3FD /* Assets.xcassets */; };
		1F7F19981DD4108F00E3A3FD /* LaunchScreen.storyboard in Resources */ = {isa = PBXBuildFile; fileRef = 1F7F19961DD4108F00E3A3FD /* LaunchScreen.storyboard */; };
		1F7F19A21DD42B8E00E3A3FD /* front_door.jpg in Resources */ = {isa = PBXBuildFile; fileRef = 1F7F19A11DD42B8E00E3A3FD /* front_door.jpg */; };
		1F7F19A61DD42C1800E3A3FD /* back_porch.jpg in Resources */ = {isa = PBXBuildFile; fileRef = 1F7F19A51DD42C1800E3A3FD /* back_porch.jpg */; };
		1F7F19A81DD42C2000E3A3FD /* bedroom.jpg in Resources */ = {isa = PBXBuildFile; fileRef = 1F7F19A71DD42C2000E3A3FD /* bedroom.jpg */; };
		1F7F19B61DD42C3A00E3A3FD /* bathroom.jpg in Resources */ = {isa = PBXBuildFile; fileRef = 1F7F19A91DD42C3A00E3A3FD /* bathroom.jpg */; };
		1F7F19B71DD42C3A00E3A3FD /* bedroom.jpg in Resources */ = {isa = PBXBuildFile; fileRef = 1F7F19AA1DD42C3A00E3A3FD /* bedroom.jpg */; };
		1F7F19B81DD42C3A00E3A3FD /* coat_room.jpg in Resources */ = {isa = PBXBuildFile; fileRef = 1F7F19AB1DD42C3A00E3A3FD /* coat_room.jpg */; };
		1F7F19B91DD42C3A00E3A3FD /* cursed_chalice.jpg in Resources */ = {isa = PBXBuildFile; fileRef = 1F7F19AC1DD42C3A00E3A3FD /* cursed_chalice.jpg */; };
		1F7F19BA1DD42C3A00E3A3FD /* dining_room.jpg in Resources */ = {isa = PBXBuildFile; fileRef = 1F7F19AD1DD42C3A00E3A3FD /* dining_room.jpg */; };
		1F7F19BB1DD42C3A00E3A3FD /* dungeon.jpg in Resources */ = {isa = PBXBuildFile; fileRef = 1F7F19AE1DD42C3A00E3A3FD /* dungeon.jpg */; };
		1F7F19BC1DD42C3A00E3A3FD /* front_door.jpg in Resources */ = {isa = PBXBuildFile; fileRef = 1F7F19AF1DD42C3A00E3A3FD /* front_door.jpg */; };
		1F7F19BD1DD42C3A00E3A3FD /* generator.jpg in Resources */ = {isa = PBXBuildFile; fileRef = 1F7F19B01DD42C3A00E3A3FD /* generator.jpg */; };
		1F7F19BE1DD42C3A00E3A3FD /* kitchen.jpg in Resources */ = {isa = PBXBuildFile; fileRef = 1F7F19B11DD42C3A00E3A3FD /* kitchen.jpg */; };
		1F7F19BF1DD42C3A00E3A3FD /* labratory.jpg in Resources */ = {isa = PBXBuildFile; fileRef = 1F7F19B21DD42C3A00E3A3FD /* labratory.jpg */; };
		1F7F19C01DD42C3A00E3A3FD /* library.jpg in Resources */ = {isa = PBXBuildFile; fileRef = 1F7F19B31DD42C3A00E3A3FD /* library.jpg */; };
		1F7F19C11DD42C3A00E3A3FD /* mysterious_lake.jpg in Resources */ = {isa = PBXBuildFile; fileRef = 1F7F19B41DD42C3A00E3A3FD /* mysterious_lake.jpg */; };
		1F7F19C21DD42C3A00E3A3FD /* secret_passage.jpg in Resources */ = {isa = PBXBuildFile; fileRef = 1F7F19B51DD42C3A00E3A3FD /* secret_passage.jpg */; };
/* End PBXBuildFile section */

/* Begin PBXFileReference section */
		1F7F19851DD4108F00E3A3FD /* Entering A House.app */ = {isa = PBXFileReference; explicitFileType = wrapper.application; includeInIndex = 0; path = "Entering A House.app"; sourceTree = BUILT_PRODUCTS_DIR; };
		1F7F19891DD4108F00E3A3FD /* main.m */ = {isa = PBXFileReference; lastKnownFileType = sourcecode.c.objc; path = main.m; sourceTree = "<group>"; };
		1F7F198B1DD4108F00E3A3FD /* AppDelegate.h */ = {isa = PBXFileReference; lastKnownFileType = sourcecode.c.h; path = AppDelegate.h; sourceTree = "<group>"; };
		1F7F198C1DD4108F00E3A3FD /* AppDelegate.m */ = {isa = PBXFileReference; lastKnownFileType = sourcecode.c.objc; path = AppDelegate.m; sourceTree = "<group>"; };
		1F7F198E1DD4108F00E3A3FD /* ViewController.h */ = {isa = PBXFileReference; lastKnownFileType = sourcecode.c.h; path = ViewController.h; sourceTree = "<group>"; };
		1F7F198F1DD4108F00E3A3FD /* ViewController.m */ = {isa = PBXFileReference; lastKnownFileType = sourcecode.c.objc; path = ViewController.m; sourceTree = "<group>"; };
		1F7F19921DD4108F00E3A3FD /* Base */ = {isa = PBXFileReference; lastKnownFileType = file.storyboard; name = Base; path = Base.lproj/Main.storyboard; sourceTree = "<group>"; };
		1F7F19941DD4108F00E3A3FD /* Assets.xcassets */ = {isa = PBXFileReference; lastKnownFileType = folder.assetcatalog; path = Assets.xcassets; sourceTree = "<group>"; };
		1F7F19971DD4108F00E3A3FD /* Base */ = {isa = PBXFileReference; lastKnownFileType = file.storyboard; name = Base; path = Base.lproj/LaunchScreen.storyboard; sourceTree = "<group>"; };
		1F7F19991DD4108F00E3A3FD /* Info.plist */ = {isa = PBXFileReference; lastKnownFileType = text.plist.xml; path = Info.plist; sourceTree = "<group>"; };
		1F7F19A11DD42B8E00E3A3FD /* front_door.jpg */ = {isa = PBXFileReference; lastKnownFileType = image.jpeg; path = front_door.jpg; sourceTree = "<group>"; };
		1F7F19A51DD42C1800E3A3FD /* back_porch.jpg */ = {isa = PBXFileReference; lastKnownFileType = image.jpeg; path = back_porch.jpg; sourceTree = "<group>"; };
		1F7F19A71DD42C2000E3A3FD /* bedroom.jpg */ = {isa = PBXFileReference; lastKnownFileType = image.jpeg; path = bedroom.jpg; sourceTree = "<group>"; };
		1F7F19A91DD42C3A00E3A3FD /* bathroom.jpg */ = {isa = PBXFileReference; lastKnownFileType = image.jpeg; path = bathroom.jpg; sourceTree = "<group>"; };
		1F7F19AA1DD42C3A00E3A3FD /* bedroom.jpg */ = {isa = PBXFileReference; lastKnownFileType = image.jpeg; path = bedroom.jpg; sourceTree = "<group>"; };
		1F7F19AB1DD42C3A00E3A3FD /* coat_room.jpg */ = {isa = PBXFileReference; lastKnownFileType = image.jpeg; path = coat_room.jpg; sourceTree = "<group>"; };
		1F7F19AC1DD42C3A00E3A3FD /* cursed_chalice.jpg */ = {isa = PBXFileReference; lastKnownFileType = image.jpeg; path = cursed_chalice.jpg; sourceTree = "<group>"; };
		1F7F19AD1DD42C3A00E3A3FD /* dining_room.jpg */ = {isa = PBXFileReference; lastKnownFileType = image.jpeg; path = dining_room.jpg; sourceTree = "<group>"; };
		1F7F19AE1DD42C3A00E3A3FD /* dungeon.jpg */ = {isa = PBXFileReference; lastKnownFileType = image.jpeg; path = dungeon.jpg; sourceTree = "<group>"; };
		1F7F19AF1DD42C3A00E3A3FD /* front_door.jpg */ = {isa = PBXFileReference; lastKnownFileType = image.jpeg; path = front_door.jpg; sourceTree = "<group>"; };
		1F7F19B01DD42C3A00E3A3FD /* generator.jpg */ = {isa = PBXFileReference; lastKnownFileType = image.jpeg; path = generator.jpg; sourceTree = "<group>"; };
		1F7F19B11DD42C3A00E3A3FD /* kitchen.jpg */ = {isa = PBXFileReference; lastKnownFileType = image.jpeg; path = kitchen.jpg; sourceTree = "<group>"; };
		1F7F19B21DD42C3A00E3A3FD /* labratory.jpg */ = {isa = PBXFileReference; lastKnownFileType = image.jpeg; path = labratory.jpg; sourceTree = "<group>"; };
		1F7F19B31DD42C3A00E3A3FD /* library.jpg */ = {isa = PBXFileReference; lastKnownFileType = image.jpeg; path = library.jpg; sourceTree = "<group>"; };
		1F7F19B41DD42C3A00E3A3FD /* mysterious_lake.jpg */ = {isa = PBXFileReference; lastKnownFileType = image.jpeg; path = mysterious_lake.jpg; sourceTree = "<group>"; };
		1F7F19B51DD42C3A00E3A3FD /* secret_passage.jpg */ = {isa = PBXFileReference; lastKnownFileType = image.jpeg; path = secret_passage.jpg; sourceTree = "<group>"; };
/* End PBXFileReference section */

/* Begin PBXFrameworksBuildPhase section */
		1F7F19821DD4108F00E3A3FD /* Frameworks */ = {
			isa = PBXFrameworksBuildPhase;
			buildActionMask = 2147483647;
			files = (
			);
			runOnlyForDeploymentPostprocessing = 0;
		};
/* End PBXFrameworksBuildPhase section */

/* Begin PBXGroup section */
		1F7F197C1DD4108F00E3A3FD = {
			isa = PBXGroup;
			children = (
				1F7F19871DD4108F00E3A3FD /* Entering A House */,
				1F7F19861DD4108F00E3A3FD /* Products */,
			);
			sourceTree = "<group>";
		};
		1F7F19861DD4108F00E3A3FD /* Products */ = {
			isa = PBXGroup;
			children = (
				1F7F19851DD4108F00E3A3FD /* Entering A House.app */,
			);
			name = Products;
			sourceTree = "<group>";
		};
		1F7F19871DD4108F00E3A3FD /* Entering A House */ = {
			isa = PBXGroup;
			children = (
				1F7F198B1DD4108F00E3A3FD /* AppDelegate.h */,
				1F7F198C1DD4108F00E3A3FD /* AppDelegate.m */,
				1F7F19A11DD42B8E00E3A3FD /* front_door.jpg */,
				1F7F19A71DD42C2000E3A3FD /* bedroom.jpg */,
				1F7F19A51DD42C1800E3A3FD /* back_porch.jpg */,
				1F7F19A91DD42C3A00E3A3FD /* bathroom.jpg */,
				1F7F19AA1DD42C3A00E3A3FD /* bedroom.jpg */,
				1F7F19AB1DD42C3A00E3A3FD /* coat_room.jpg */,
				1F7F19AC1DD42C3A00E3A3FD /* cursed_chalice.jpg */,
				1F7F19AD1DD42C3A00E3A3FD /* dining_room.jpg */,
				1F7F19AE1DD42C3A00E3A3FD /* dungeon.jpg */,
				1F7F19AF1DD42C3A00E3A3FD /* front_door.jpg */,
				1F7F19B01DD42C3A00E3A3FD /* generator.jpg */,
				1F7F19B11DD42C3A00E3A3FD /* kitchen.jpg */,
				1F7F19B21DD42C3A00E3A3FD /* labratory.jpg */,
				1F7F19B31DD42C3A00E3A3FD /* library.jpg */,
				1F7F19B41DD42C3A00E3A3FD /* mysterious_lake.jpg */,
				1F7F19B51DD42C3A00E3A3FD /* secret_passage.jpg */,
				1F7F198E1DD4108F00E3A3FD /* ViewController.h */,
				1F7F198F1DD4108F00E3A3FD /* ViewController.m */,
				1F7F19911DD4108F00E3A3FD /* Main.storyboard */,
				1F7F19941DD4108F00E3A3FD /* Assets.xcassets */,
				1F7F19961DD4108F00E3A3FD /* LaunchScreen.storyboard */,
				1F7F19991DD4108F00E3A3FD /* Info.plist */,
				1F7F19881DD4108F00E3A3FD /* Supporting Files */,
			);
			path = "Entering A House";
			sourceTree = "<group>";
		};
		1F7F19881DD4108F00E3A3FD /* Supporting Files */ = {
			isa = PBXGroup;
			children = (
				1F7F19891DD4108F00E3A3FD /* main.m */,
			);
			name = "Supporting Files";
			sourceTree = "<group>";
		};
/* End PBXGroup section */

/* Begin PBXNativeTarget section */
		1F7F19841DD4108F00E3A3FD /* Entering A House */ = {
			isa = PBXNativeTarget;
			buildConfigurationList = 1F7F199C1DD4108F00E3A3FD /* Build configuration list for PBXNativeTarget "Entering A House" */;
			buildPhases = (
				1F7F19811DD4108F00E3A3FD /* Sources */,
				1F7F19821DD4108F00E3A3FD /* Frameworks */,
				1F7F19831DD4108F00E3A3FD /* Resources */,
			);
			buildRules = (
			);
			dependencies = (
			);
			name = "Entering A House";
			productName = "Entering A House";
			productReference = 1F7F19851DD4108F00E3A3FD /* Entering A House.app */;
			productType = "com.apple.product-type.application";
		};
/* End PBXNativeTarget section */

/* Begin PBXProject section */
		1F7F197D1DD4108F00E3A3FD /* Project object */ = {
			isa = PBXProject;
			attributes = {
				LastUpgradeCheck = 0730;
				ORGANIZATIONNAME = "carmen cheng";
				TargetAttributes = {
					1F7F19841DD4108F00E3A3FD = {
						CreatedOnToolsVersion = 7.3.1;
					};
				};
			};
			buildConfigurationList = 1F7F19801DD4108F00E3A3FD /* Build configuration list for PBXProject "Entering A House" */;
			compatibilityVersion = "Xcode 3.2";
			developmentRegion = English;
			hasScannedForEncodings = 0;
			knownRegions = (
				en,
				Base,
			);
			mainGroup = 1F7F197C1DD4108F00E3A3FD;
			productRefGroup = 1F7F19861DD4108F00E3A3FD /* Products */;
			projectDirPath = "";
			projectRoot = "";
			targets = (
				1F7F19841DD4108F00E3A3FD /* Entering A House */,
			);
		};
/* End PBXProject section */

/* Begin PBXResourcesBuildPhase section */
		1F7F19831DD4108F00E3A3FD /* Resources */ = {
			isa = PBXResourcesBuildPhase;
			buildActionMask = 2147483647;
			files = (
				1F7F19981DD4108F00E3A3FD /* LaunchScreen.storyboard in Resources */,
				1F7F19A61DD42C1800E3A3FD /* back_porch.jpg in Resources */,
				1F7F19BA1DD42C3A00E3A3FD /* dining_room.jpg in Resources */,
				1F7F19B71DD42C3A00E3A3FD /* bedroom.jpg in Resources */,
				1F7F19C21DD42C3A00E3A3FD /* secret_passage.jpg in Resources */,
				1F7F19C11DD42C3A00E3A3FD /* mysterious_lake.jpg in Resources */,
				1F7F19BE1DD42C3A00E3A3FD /* kitchen.jpg in Resources */,
				1F7F19951DD4108F00E3A3FD /* Assets.xcassets in Resources */,
				1F7F19931DD4108F00E3A3FD /* Main.storyboard in Resources */,
				1F7F19BB1DD42C3A00E3A3FD /* dungeon.jpg in Resources */,
				1F7F19B81DD42C3A00E3A3FD /* coat_room.jpg in Resources */,
				1F7F19B61DD42C3A00E3A3FD /* bathroom.jpg in Resources */,
				1F7F19B91DD42C3A00E3A3FD /* cursed_chalice.jpg in Resources */,
				1F7F19A81DD42C2000E3A3FD /* bedroom.jpg in Resources */,
				1F7F19BF1DD42C3A00E3A3FD /* labratory.jpg in Resources */,
				1F7F19C01DD42C3A00E3A3FD /* library.jpg in Resources */,
				1F7F19A21DD42B8E00E3A3FD /* front_door.jpg in Resources */,
				1F7F19BC1DD42C3A00E3A3FD /* front_door.jpg in Resources */,
				1F7F19BD1DD42C3A00E3A3FD /* generator.jpg in Resources */,
			);
			runOnlyForDeploymentPostprocessing = 0;
		};
/* End PBXResourcesBuildPhase section */

/* Begin PBXSourcesBuildPhase section */
		1F7F19811DD4108F00E3A3FD /* Sources */ = {
			isa = PBXSourcesBuildPhase;
			buildActionMask = 2147483647;
			files = (
				1F7F19901DD4108F00E3A3FD /* ViewController.m in Sources */,
				1F7F198D1DD4108F00E3A3FD /* AppDelegate.m in Sources */,
				1F7F198A1DD4108F00E3A3FD /* main.m in Sources */,
			);
			runOnlyForDeploymentPostprocessing = 0;
		};
/* End PBXSourcesBuildPhase section */

/* Begin PBXVariantGroup section */
		1F7F19911DD4108F00E3A3FD /* Main.storyboard */ = {
			isa = PBXVariantGroup;
			children = (
				1F7F19921DD4108F00E3A3FD /* Base */,
			);
			name = Main.storyboard;
			sourceTree = "<group>";
		};
		1F7F19961DD4108F00E3A3FD /* LaunchScreen.storyboard */ = {
			isa = PBXVariantGroup;
			children = (
				1F7F19971DD4108F00E3A3FD /* Base */,
			);
			name = LaunchScreen.storyboard;
			sourceTree = "<group>";
		};
/* End PBXVariantGroup section */

/* Begin XCBuildConfiguration section */
		1F7F199A1DD4108F00E3A3FD /* Debug */ = {
			isa = XCBuildConfiguration;
			buildSettings = {
				ALWAYS_SEARCH_USER_PATHS = NO;
				CLANG_ANALYZER_NONNULL = YES;
				CLANG_CXX_LANGUAGE_STANDARD = "gnu++0x";
				CLANG_CXX_LIBRARY = "libc++";
				CLANG_ENABLE_MODULES = YES;
				CLANG_ENABLE_OBJC_ARC = YES;
				CLANG_WARN_BOOL_CONVERSION = YES;
				CLANG_WARN_CONSTANT_CONVERSION = YES;
				CLANG_WARN_DIRECT_OBJC_ISA_USAGE = YES_ERROR;
				CLANG_WARN_EMPTY_BODY = YES;
				CLANG_WARN_ENUM_CONVERSION = YES;
				CLANG_WARN_INT_CONVERSION = YES;
				CLANG_WARN_OBJC_ROOT_CLASS = YES_ERROR;
				CLANG_WARN_UNREACHABLE_CODE = YES;
				CLANG_WARN__DUPLICATE_METHOD_MATCH = YES;
				"CODE_SIGN_IDENTITY[sdk=iphoneos*]" = "iPhone Developer";
				COPY_PHASE_STRIP = NO;
				DEBUG_INFORMATION_FORMAT = dwarf;
				ENABLE_STRICT_OBJC_MSGSEND = YES;
				ENABLE_TESTABILITY = YES;
				GCC_C_LANGUAGE_STANDARD = gnu99;
				GCC_DYNAMIC_NO_PIC = NO;
				GCC_NO_COMMON_BLOCKS = YES;
				GCC_OPTIMIZATION_LEVEL = 0;
				GCC_PREPROCESSOR_DEFINITIONS = (
					"DEBUG=1",
					"$(inherited)",
				);
				GCC_WARN_64_TO_32_BIT_CONVERSION = YES;
				GCC_WARN_ABOUT_RETURN_TYPE = YES_ERROR;
				GCC_WARN_UNDECLARED_SELECTOR = YES;
				GCC_WARN_UNINITIALIZED_AUTOS = YES_AGGRESSIVE;
				GCC_WARN_UNUSED_FUNCTION = YES;
				GCC_WARN_UNUSED_VARIABLE = YES;
				IPHONEOS_DEPLOYMENT_TARGET = 9.3;
				MTL_ENABLE_DEBUG_INFO = YES;
				ONLY_ACTIVE_ARCH = YES;
				SDKROOT = iphoneos;
			};
			name = Debug;
		};
		1F7F199B1DD4108F00E3A3FD /* Release */ = {
			isa = XCBuildConfiguration;
			buildSettings = {
				ALWAYS_SEARCH_USER_PATHS = NO;
				CLANG_ANALYZER_NONNULL = YES;
				CLANG_CXX_LANGUAGE_STANDARD = "gnu++0x";
				CLANG_CXX_LIBRARY = "libc++";
				CLANG_ENABLE_MODULES = YES;
				CLANG_ENABLE_OBJC_ARC = YES;
				CLANG_WARN_BOOL_CONVERSION = YES;
				CLANG_WARN_CONSTANT_CONVERSION = YES;
				CLANG_WARN_DIRECT_OBJC_ISA_USAGE = YES_ERROR;
				CLANG_WARN_EMPTY_BODY = YES;
				CLANG_WARN_ENUM_CONVERSION = YES;
				CLANG_WARN_INT_CONVERSION = YES;
				CLANG_WARN_OBJC_ROOT_CLASS = YES_ERROR;
				CLANG_WARN_UNREACHABLE_CODE = YES;
				CLANG_WARN__DUPLICATE_METHOD_MATCH = YES;
				"CODE_SIGN_IDENTITY[sdk=iphoneos*]" = "iPhone Developer";
				COPY_PHASE_STRIP = NO;
				DEBUG_INFORMATION_FORMAT = "dwarf-with-dsym";
				ENABLE_NS_ASSERTIONS = NO;
				ENABLE_STRICT_OBJC_MSGSEND = YES;
				GCC_C_LANGUAGE_STANDARD = gnu99;
				GCC_NO_COMMON_BLOCKS = YES;
				GCC_WARN_64_TO_32_BIT_CONVERSION = YES;
				GCC_WARN_ABOUT_RETURN_TYPE = YES_ERROR;
				GCC_WARN_UNDECLARED_SELECTOR = YES;
				GCC_WARN_UNINITIALIZED_AUTOS = YES_AGGRESSIVE;
				GCC_WARN_UNUSED_FUNCTION = YES;
				GCC_WARN_UNUSED_VARIABLE = YES;
				IPHONEOS_DEPLOYMENT_TARGET = 9.3;
				MTL_ENABLE_DEBUG_INFO = NO;
				SDKROOT = iphoneos;
				VALIDATE_PRODUCT = YES;
			};
			name = Release;
		};
		1F7F199D1DD4108F00E3A3FD /* Debug */ = {
			isa = XCBuildConfiguration;
			buildSettings = {
				ASSETCATALOG_COMPILER_APPICON_NAME = AppIcon;
				INFOPLIST_FILE = "Entering A House/Info.plist";
				LD_RUNPATH_SEARCH_PATHS = "$(inherited) @executable_path/Frameworks";
				PRODUCT_BUNDLE_IDENTIFIER = "carmen.Entering-A-House";
				PRODUCT_NAME = "$(TARGET_NAME)";
			};
			name = Debug;
		};
		1F7F199E1DD4108F00E3A3FD /* Release */ = {
			isa = XCBuildConfiguration;
			buildSettings = {
				ASSETCATALOG_COMPILER_APPICON_NAME = AppIcon;
				INFOPLIST_FILE = "Entering A House/Info.plist";
				LD_RUNPATH_SEARCH_PATHS = "$(inherited) @executable_path/Frameworks";
				PRODUCT_BUNDLE_IDENTIFIER = "carmen.Entering-A-House";
				PRODUCT_NAME = "$(TARGET_NAME)";
			};
			name = Release;
		};
/* End XCBuildConfiguration section */

/* Begin XCConfigurationList section */
		1F7F19801DD4108F00E3A3FD /* Build configuration list for PBXProject "Entering A House" */ = {
			isa = XCConfigurationList;
			buildConfigurations = (
				1F7F199A1DD4108F00E3A3FD /* Debug */,
				1F7F199B1DD4108F00E3A3FD /* Release */,
			);
			defaultConfigurationIsVisible = 0;
			defaultConfigurationName = Release;
		};
		1F7F199C1DD4108F00E3A3FD /* Build configuration list for PBXNativeTarget "Entering A House" */ = {
			isa = XCConfigurationList;
			buildConfigurations = (
				1F7F199D1DD4108F00E3A3FD /* Debug */,
				1F7F199E1DD4108F00E3A3FD /* Release */,
			);
			defaultConfigurationIsVisible = 0;
			defaultConfigurationName = Release;
		};
/* End XCConfigurationList section */
	};
	rootObject = 1F7F197D1DD4108F00E3A3FD /* Project object */;
}
